
Microsoft Visual Studio Solution File, Format Version 12.00
# Visual Studio Version 16
VisualStudioVersion = 16.0.31205.134
MinimumVisualStudioVersion = 10.0.40219.1
Project("{FAE04EC0-301F-11D3-BF4B-00C04F79EFBC}") = "ImageFolderToVideo", "ImageFolderToVideo\ImageFolderToVideo.csproj", "{4327E5BD-91B8-458C-B1AE-BEDBA274BC74}"
EndProject
Project("{9A19103F-16F7-4668-BE54-9A1E7A4F7556}") = "ImageFolderToVideoLosslessMJPEG", "ImageFolderToVideoLosslessMJPEG\ImageFolderToVideoLosslessMJPEG.csproj", "{83A25C02-786E-495F-9C90-8336D1E75627}"
EndProject
Project("{FAE04EC0-301F-11D3-BF4B-00C04F79EFBC}") = "SharpAvi", "ext\SharpAvi\SharpAvi\SharpAvi.csproj", "{07B83677-E9B8-4166-A383-CF3B3D393FBD}"
EndProject
Project("{9A19103F-16F7-4668-BE54-9A1E7A4F7556}") = "CL_AviDemo_To_AVI", "CL_AviDemo_To_AVI\CL_AviDemo_To_AVI.csproj", "{3BA08B3B-FBC2-49C5-8898-CB2FF49F98DC}"
EndProject
Global
	GlobalSection(SolutionConfigurationPlatforms) = preSolution
		Debug|Any CPU = Debug|Any CPU
		Debug|x64 = Debug|x64
		Release|Any CPU = Release|Any CPU
		Release|x64 = Release|x64
	EndGlobalSection
	GlobalSection(ProjectConfigurationPlatforms) = postSolution
		{4327E5BD-91B8-458C-B1AE-BEDBA274BC74}.Debug|Any CPU.ActiveCfg = Debug|Any CPU
		{4327E5BD-91B8-458C-B1AE-BEDBA274BC74}.Debug|Any CPU.Build.0 = Debug|Any CPU
		{4327E5BD-91B8-458C-B1AE-BEDBA274BC74}.Debug|x64.ActiveCfg = Debug|x64
		{4327E5BD-91B8-458C-B1AE-BEDBA274BC74}.Debug|x64.Build.0 = Debug|x64
		{4327E5BD-91B8-458C-B1AE-BEDBA274BC74}.Release|Any CPU.ActiveCfg = Release|Any CPU
		{4327E5BD-91B8-458C-B1AE-BEDBA274BC74}.Release|Any CPU.Build.0 = Release|Any CPU
		{4327E5BD-91B8-458C-B1AE-BEDBA274BC74}.Release|x64.ActiveCfg = Release|x64
		{4327E5BD-91B8-458C-B1AE-BEDBA274BC74}.Release|x64.Build.0 = Release|x64
		{83A25C02-786E-495F-9C90-8336D1E75627}.Debug|Any CPU.ActiveCfg = Debug|Any CPU
		{83A25C02-786E-495F-9C90-8336D1E75627}.Debug|Any CPU.Build.0 = Debug|Any CPU
		{83A25C02-786E-495F-9C90-8336D1E75627}.Debug|x64.ActiveCfg = Debug|Any CPU
		{83A25C02-786E-495F-9C90-8336D1E75627}.Debug|x64.Build.0 = Debug|Any CPU
		{83A25C02-786E-495F-9C90-8336D1E75627}.Release|Any CPU.ActiveCfg = Release|Any CPU
		{83A25C02-786E-495F-9C90-8336D1E75627}.Release|Any CPU.Build.0 = Release|Any CPU
		{83A25C02-786E-495F-9C90-8336D1E75627}.Release|x64.ActiveCfg = Release|Any CPU
		{83A25C02-786E-495F-9C90-8336D1E75627}.Release|x64.Build.0 = Release|Any CPU
		{07B83677-E9B8-4166-A383-CF3B3D393FBD}.Debug|Any CPU.ActiveCfg = Debug|Any CPU
		{07B83677-E9B8-4166-A383-CF3B3D393FBD}.Debug|Any CPU.Build.0 = Debug|Any CPU
		{07B83677-E9B8-4166-A383-CF3B3D393FBD}.Debug|x64.ActiveCfg = Debug|Any CPU
		{07B83677-E9B8-4166-A383-CF3B3D393FBD}.Debug|x64.Build.0 = Debug|Any CPU
		{07B83677-E9B8-4166-A383-CF3B3D393FBD}.Release|Any CPU.ActiveCfg = Release|Any CPU
		{07B83677-E9B8-4166-A383-CF3B3D393FBD}.Release|Any CPU.Build.0 = Release|Any CPU
		{07B83677-E9B8-4166-A383-CF3B3D393FBD}.Release|x64.ActiveCfg = Release|Any CPU
		{07B83677-E9B8-4166-A383-CF3B3D393FBD}.Release|x64.Build.0 = Release|Any CPU
		{3BA08B3B-FBC2-49C5-8898-CB2FF49F98DC}.Debug|Any CPU.ActiveCfg = Debug|Any CPU
		{3BA08B3B-FBC2-49C5-8898-CB2FF49F98DC}.Debug|Any CPU.Build.0 = Debug|Any CPU
		{3BA08B3B-FBC2-49C5-8898-CB2FF49F98DC}.Debug|x64.ActiveCfg = Debug|Any CPU
		{3BA08B3B-FBC2-49C5-8898-CB2FF49F98DC}.Debug|x64.Build.0 = Debug|Any CPU
		{3BA08B3B-FBC2-49C5-8898-CB2FF49F98DC}.Release|Any CPU.ActiveCfg = Release|Any CPU
		{3BA08B3B-FBC2-49C5-8898-CB2FF49F98DC}.Release|Any CPU.Build.0 = Release|Any CPU
		{3BA08B3B-FBC2-49C5-8898-CB2FF49F98DC}.Release|x64.ActiveCfg = Release|Any CPU
		{3BA08B3B-FBC2-49C5-8898-CB2FF49F98DC}.Release|x64.Build.0 = Release|Any CPU
	EndGlobalSection
	GlobalSection(SolutionProperties) = preSolution
		HideSolutionNode = FALSE
	EndGlobalSection
	GlobalSection(ExtensibilityGlobals) = postSolution
		SolutionGuid = {41DFC0A5-2E96-4586-8AF6-29E3C63D2A22}
	EndGlobalSection
EndGlobal
